
Microsoft Visual Studio Solution File, Format Version 12.00
# Visual Studio 2015
Project("{FAE04EC0-301F-11D3-BF4B-00C04F79EFBC}") = "TestU3d", "TestU3d.csproj", "{AF53ECFF-7647-23C1-7BA5-36DE448752C9}"
EndProject
Global
	GlobalSection(SolutionConfigurationPlatforms) = preSolution
		Debug|Any CPU = Debug|Any CPU
		Release|Any CPU = Release|Any CPU
	EndGlobalSection
	GlobalSection(ProjectConfigurationPlatforms) = postSolution
		{AF53ECFF-7647-23C1-7BA5-36DE448752C9}.Debug|Any CPU.ActiveCfg = Debug|Any CPU
		{AF53ECFF-7647-23C1-7BA5-36DE448752C9}.Debug|Any CPU.Build.0 = Debug|Any CPU
		{AF53ECFF-7647-23C1-7BA5-36DE448752C9}.Release|Any CPU.ActiveCfg = Release|Any CPU
		{AF53ECFF-7647-23C1-7BA5-36DE448752C9}.Release|Any CPU.Build.0 = Release|Any CPU
	EndGlobalSection
	GlobalSection(SolutionProperties) = preSolution
		HideSolutionNode = FALSE
	EndGlobalSection
EndGlobal
