
Microsoft Visual Studio Solution File, Format Version 12.00
# Visual Studio 15
VisualStudioVersion = 15.0.26730.8
MinimumVisualStudioVersion = 10.0.40219.1
Project("{FAE04EC0-301F-11D3-BF4B-00C04F79EFBC}") = "KcpServer", "KcpServer\KcpServer.csproj", "{16278A10-A238-41E5-AC2A-D9316489FA32}"
EndProject
Project("{FAE04EC0-301F-11D3-BF4B-00C04F79EFBC}") = "TestClient", "TestClient\TestClient.csproj", "{14A27791-39A5-454D-B4DD-19C0CEE73D01}"
EndProject
Project("{D954291E-2A0B-460D-934E-DC6B0785DB48}") = "Utilities", "Utilities\Utilities.shproj", "{46AD2778-1C68-459F-8578-8739ADA49B2B}"
EndProject
Project("{FAE04EC0-301F-11D3-BF4B-00C04F79EFBC}") = "KcpClient", "KcpClient\KcpClient.csproj", "{A2A74321-0F1A-4FDD-8EA3-21C8F32AD730}"
EndProject
Project("{FAE04EC0-301F-11D3-BF4B-00C04F79EFBC}") = "TestServer", "TestServer\TestServer.csproj", "{3C634EE3-7558-4393-91F7-CB34DE76A5E9}"
EndProject
Project("{FAE04EC0-301F-11D3-BF4B-00C04F79EFBC}") = "KcpServer.Lite", "KcpServerLite\KcpServer.Lite.csproj", "{CE068426-1F28-4C19-BD70-81DB22B1BCA2}"
EndProject
Project("{FAE04EC0-301F-11D3-BF4B-00C04F79EFBC}") = "TestServer.Lite", "TestServer.Lite\TestServer.Lite.csproj", "{3E2D3729-F6D7-44A8-B979-31DAB307A62E}"
EndProject
Project("{9A19103F-16F7-4668-BE54-9A1E7A4F7556}") = "TestServer.LiteCore", "TestServer.LiteCore\TestServer.LiteCore.csproj", "{C4F613EF-4E47-45B7-8289-F5D7EB340915}"
EndProject
Project("{FAE04EC0-301F-11D3-BF4B-00C04F79EFBC}") = "KcpServer.LiteCore", "KcpServer.LiteCore\KcpServer.LiteCore.csproj", "{11D5949D-844C-49DA-915D-CD51EB00FB16}"
EndProject
Project("{FAE04EC0-301F-11D3-BF4B-00C04F79EFBC}") = "KcpClient.net35", "KcpClient.net35\KcpClient.net35.csproj", "{B766FBA2-B84E-4E12-95A2-7C9D7CDA60D5}"
EndProject
Global
	GlobalSection(SharedMSBuildProjectFiles) = preSolution
		Utilities\Utilities.projitems*{14a27791-39a5-454d-b4dd-19c0cee73d01}*SharedItemsImports = 4
		Utilities\Utilities.projitems*{16278a10-a238-41e5-ac2a-d9316489fa32}*SharedItemsImports = 4
		Utilities\Utilities.projitems*{46ad2778-1c68-459f-8578-8739ada49b2b}*SharedItemsImports = 13
		Utilities\Utilities.projitems*{a2a74321-0f1a-4fdd-8ea3-21c8f32ad730}*SharedItemsImports = 4
		Utilities\Utilities.projitems*{b766fba2-b84e-4e12-95a2-7c9d7cda60d5}*SharedItemsImports = 4
		Utilities\Utilities.projitems*{ce068426-1f28-4c19-bd70-81db22b1bca2}*SharedItemsImports = 4
	EndGlobalSection
	GlobalSection(SolutionConfigurationPlatforms) = preSolution
		Debug|Any CPU = Debug|Any CPU
		Debug|x64 = Debug|x64
		Release|Any CPU = Release|Any CPU
		Release|x64 = Release|x64
	EndGlobalSection
	GlobalSection(ProjectConfigurationPlatforms) = postSolution
		{16278A10-A238-41E5-AC2A-D9316489FA32}.Debug|Any CPU.ActiveCfg = Debug|Any CPU
		{16278A10-A238-41E5-AC2A-D9316489FA32}.Debug|Any CPU.Build.0 = Debug|Any CPU
		{16278A10-A238-41E5-AC2A-D9316489FA32}.Debug|x64.ActiveCfg = Debug|x64
		{16278A10-A238-41E5-AC2A-D9316489FA32}.Debug|x64.Build.0 = Debug|x64
		{16278A10-A238-41E5-AC2A-D9316489FA32}.Release|Any CPU.ActiveCfg = Release|Any CPU
		{16278A10-A238-41E5-AC2A-D9316489FA32}.Release|Any CPU.Build.0 = Release|Any CPU
		{16278A10-A238-41E5-AC2A-D9316489FA32}.Release|x64.ActiveCfg = Release|x64
		{16278A10-A238-41E5-AC2A-D9316489FA32}.Release|x64.Build.0 = Release|x64
		{14A27791-39A5-454D-B4DD-19C0CEE73D01}.Debug|Any CPU.ActiveCfg = Debug|Any CPU
		{14A27791-39A5-454D-B4DD-19C0CEE73D01}.Debug|Any CPU.Build.0 = Debug|Any CPU
		{14A27791-39A5-454D-B4DD-19C0CEE73D01}.Debug|x64.ActiveCfg = Debug|Any CPU
		{14A27791-39A5-454D-B4DD-19C0CEE73D01}.Debug|x64.Build.0 = Debug|Any CPU
		{14A27791-39A5-454D-B4DD-19C0CEE73D01}.Release|Any CPU.ActiveCfg = Release|Any CPU
		{14A27791-39A5-454D-B4DD-19C0CEE73D01}.Release|Any CPU.Build.0 = Release|Any CPU
		{14A27791-39A5-454D-B4DD-19C0CEE73D01}.Release|x64.ActiveCfg = Release|Any CPU
		{14A27791-39A5-454D-B4DD-19C0CEE73D01}.Release|x64.Build.0 = Release|Any CPU
		{A2A74321-0F1A-4FDD-8EA3-21C8F32AD730}.Debug|Any CPU.ActiveCfg = Debug|Any CPU
		{A2A74321-0F1A-4FDD-8EA3-21C8F32AD730}.Debug|Any CPU.Build.0 = Debug|Any CPU
		{A2A74321-0F1A-4FDD-8EA3-21C8F32AD730}.Debug|x64.ActiveCfg = Debug|Any CPU
		{A2A74321-0F1A-4FDD-8EA3-21C8F32AD730}.Debug|x64.Build.0 = Debug|Any CPU
		{A2A74321-0F1A-4FDD-8EA3-21C8F32AD730}.Release|Any CPU.ActiveCfg = Release|Any CPU
		{A2A74321-0F1A-4FDD-8EA3-21C8F32AD730}.Release|Any CPU.Build.0 = Release|Any CPU
		{A2A74321-0F1A-4FDD-8EA3-21C8F32AD730}.Release|x64.ActiveCfg = Release|Any CPU
		{A2A74321-0F1A-4FDD-8EA3-21C8F32AD730}.Release|x64.Build.0 = Release|Any CPU
		{3C634EE3-7558-4393-91F7-CB34DE76A5E9}.Debug|Any CPU.ActiveCfg = Debug|Any CPU
		{3C634EE3-7558-4393-91F7-CB34DE76A5E9}.Debug|Any CPU.Build.0 = Debug|Any CPU
		{3C634EE3-7558-4393-91F7-CB34DE76A5E9}.Debug|x64.ActiveCfg = Debug|Any CPU
		{3C634EE3-7558-4393-91F7-CB34DE76A5E9}.Debug|x64.Build.0 = Debug|Any CPU
		{3C634EE3-7558-4393-91F7-CB34DE76A5E9}.Release|Any CPU.ActiveCfg = Release|Any CPU
		{3C634EE3-7558-4393-91F7-CB34DE76A5E9}.Release|Any CPU.Build.0 = Release|Any CPU
		{3C634EE3-7558-4393-91F7-CB34DE76A5E9}.Release|x64.ActiveCfg = Release|Any CPU
		{3C634EE3-7558-4393-91F7-CB34DE76A5E9}.Release|x64.Build.0 = Release|Any CPU
		{CE068426-1F28-4C19-BD70-81DB22B1BCA2}.Debug|Any CPU.ActiveCfg = Debug|Any CPU
		{CE068426-1F28-4C19-BD70-81DB22B1BCA2}.Debug|Any CPU.Build.0 = Debug|Any CPU
		{CE068426-1F28-4C19-BD70-81DB22B1BCA2}.Debug|x64.ActiveCfg = Debug|Any CPU
		{CE068426-1F28-4C19-BD70-81DB22B1BCA2}.Debug|x64.Build.0 = Debug|Any CPU
		{CE068426-1F28-4C19-BD70-81DB22B1BCA2}.Release|Any CPU.ActiveCfg = Release|Any CPU
		{CE068426-1F28-4C19-BD70-81DB22B1BCA2}.Release|Any CPU.Build.0 = Release|Any CPU
		{CE068426-1F28-4C19-BD70-81DB22B1BCA2}.Release|x64.ActiveCfg = Release|Any CPU
		{CE068426-1F28-4C19-BD70-81DB22B1BCA2}.Release|x64.Build.0 = Release|Any CPU
		{3E2D3729-F6D7-44A8-B979-31DAB307A62E}.Debug|Any CPU.ActiveCfg = Debug|Any CPU
		{3E2D3729-F6D7-44A8-B979-31DAB307A62E}.Debug|Any CPU.Build.0 = Debug|Any CPU
		{3E2D3729-F6D7-44A8-B979-31DAB307A62E}.Debug|x64.ActiveCfg = Debug|Any CPU
		{3E2D3729-F6D7-44A8-B979-31DAB307A62E}.Debug|x64.Build.0 = Debug|Any CPU
		{3E2D3729-F6D7-44A8-B979-31DAB307A62E}.Release|Any CPU.ActiveCfg = Release|Any CPU
		{3E2D3729-F6D7-44A8-B979-31DAB307A62E}.Release|Any CPU.Build.0 = Release|Any CPU
		{3E2D3729-F6D7-44A8-B979-31DAB307A62E}.Release|x64.ActiveCfg = Release|Any CPU
		{3E2D3729-F6D7-44A8-B979-31DAB307A62E}.Release|x64.Build.0 = Release|Any CPU
		{C4F613EF-4E47-45B7-8289-F5D7EB340915}.Debug|Any CPU.ActiveCfg = Debug|Any CPU
		{C4F613EF-4E47-45B7-8289-F5D7EB340915}.Debug|Any CPU.Build.0 = Debug|Any CPU
		{C4F613EF-4E47-45B7-8289-F5D7EB340915}.Debug|x64.ActiveCfg = Debug|Any CPU
		{C4F613EF-4E47-45B7-8289-F5D7EB340915}.Debug|x64.Build.0 = Debug|Any CPU
		{C4F613EF-4E47-45B7-8289-F5D7EB340915}.Release|Any CPU.ActiveCfg = Release|Any CPU
		{C4F613EF-4E47-45B7-8289-F5D7EB340915}.Release|Any CPU.Build.0 = Release|Any CPU
		{C4F613EF-4E47-45B7-8289-F5D7EB340915}.Release|x64.ActiveCfg = Release|Any CPU
		{C4F613EF-4E47-45B7-8289-F5D7EB340915}.Release|x64.Build.0 = Release|Any CPU
		{11D5949D-844C-49DA-915D-CD51EB00FB16}.Debug|Any CPU.ActiveCfg = Debug|Any CPU
		{11D5949D-844C-49DA-915D-CD51EB00FB16}.Debug|Any CPU.Build.0 = Debug|Any CPU
		{11D5949D-844C-49DA-915D-CD51EB00FB16}.Debug|x64.ActiveCfg = Debug|Any CPU
		{11D5949D-844C-49DA-915D-CD51EB00FB16}.Debug|x64.Build.0 = Debug|Any CPU
		{11D5949D-844C-49DA-915D-CD51EB00FB16}.Release|Any CPU.ActiveCfg = Release|Any CPU
		{11D5949D-844C-49DA-915D-CD51EB00FB16}.Release|Any CPU.Build.0 = Release|Any CPU
		{11D5949D-844C-49DA-915D-CD51EB00FB16}.Release|x64.ActiveCfg = Release|Any CPU
		{11D5949D-844C-49DA-915D-CD51EB00FB16}.Release|x64.Build.0 = Release|Any CPU
		{B766FBA2-B84E-4E12-95A2-7C9D7CDA60D5}.Debug|Any CPU.ActiveCfg = Debug|Any CPU
		{B766FBA2-B84E-4E12-95A2-7C9D7CDA60D5}.Debug|Any CPU.Build.0 = Debug|Any CPU
		{B766FBA2-B84E-4E12-95A2-7C9D7CDA60D5}.Debug|x64.ActiveCfg = Debug|Any CPU
		{B766FBA2-B84E-4E12-95A2-7C9D7CDA60D5}.Debug|x64.Build.0 = Debug|Any CPU
		{B766FBA2-B84E-4E12-95A2-7C9D7CDA60D5}.Release|Any CPU.ActiveCfg = Release|Any CPU
		{B766FBA2-B84E-4E12-95A2-7C9D7CDA60D5}.Release|Any CPU.Build.0 = Release|Any CPU
		{B766FBA2-B84E-4E12-95A2-7C9D7CDA60D5}.Release|x64.ActiveCfg = Release|Any CPU
		{B766FBA2-B84E-4E12-95A2-7C9D7CDA60D5}.Release|x64.Build.0 = Release|Any CPU
	EndGlobalSection
	GlobalSection(SolutionProperties) = preSolution
		HideSolutionNode = FALSE
	EndGlobalSection
	GlobalSection(ExtensibilityGlobals) = postSolution
		SolutionGuid = {48D93570-488F-4846-A75F-5D8BB86BBF0D}
	EndGlobalSection
EndGlobal
